<?xml version="1.0" encoding="utf-8"?>
<Project ToolsVersion="4.0" xmlns="http://schemas.microsoft.com/developer/msbuild/2003">
  <ItemGroup>
    <Filter Include="Source Files">
      <UniqueIdentifier>{4FC737F1-C7A5-4376-A066-2A32D752A2FF}</UniqueIdentifier>
      <Extensions>cpp;c;cc;cxx;c++;cppm;ixx;def;odl;idl;hpj;bat;asm;asmx</Extensions>
    </Filter>
    <Filter Include="Header Files">
      <UniqueIdentifier>{93995380-89BD-4b04-88EB-625FBE52EBFB}</UniqueIdentifier>
      <Extensions>h;hh;hpp;hxx;h++;hm;inl;inc;ipp;xsd</Extensions>
    </Filter>
    <Filter Include="Resource Files">
      <UniqueIdentifier>{67DA6AB6-F800-4c08-8B7A-83BB121AAD01}</UniqueIdentifier>
      <Extensions>rc;ico;cur;bmp;dlg;rc2;rct;bin;rgs;gif;jpg;jpeg;jpe;resx;tiff;tif;png;wav;mfcribbon-ms</Extensions>
    </Filter>
    <Filter Include="Header Files\Components">
      <UniqueIdentifier>{e09054d3-84a8-4e7b-aae1-7f4954e1e6ff}</UniqueIdentifier>
    </Filter>
    <Filter Include="Source Files\Components">
      <UniqueIdentifier>{3c03fee3-0d1d-46bd-9d4a-688467b920d9}</UniqueIdentifier>
    </Filter>
    <Filter Include="Source Files\Commands">
      <UniqueIdentifier>{6ad28fed-044e-438b-b2c1-5a93ca954b71}</UniqueIdentifier>
    </Filter>
    <Filter Include="Header Files\Commands">
      <UniqueIdentifier>{576b3bc6-ee99-4665-851f-dc853cd9e04f}</UniqueIdentifier>
    </Filter>
    <Filter Include="Header Files\Listeners">
      <UniqueIdentifier>{44a2af11-2fbe-4fe7-a588-af0401cc795a}</UniqueIdentifier>
    </Filter>
    <Filter Include="Source Files\Listeners">
      <UniqueIdentifier>{13aef7f1-883a-45a7-875e-8e894d27d6ed}</UniqueIdentifier>
    </Filter>
    <Filter Include="Header Files\Level Generation">
      <UniqueIdentifier>{96f57297-1c71-4e38-957f-51e30023be44}</UniqueIdentifier>
    </Filter>
    <Filter Include="Source Files\Level Generation">
      <UniqueIdentifier>{e0ba0779-61a9-49ba-a04a-43cc6d7ec069}</UniqueIdentifier>
    </Filter>
    <Filter Include="Header Files\Misc">
      <UniqueIdentifier>{06a6ea04-db38-4427-a04a-aebc57513ebb}</UniqueIdentifier>
    </Filter>
    <Filter Include="Source Files\Misc">
      <UniqueIdentifier>{25b157bd-2548-4f38-a929-2245aa1144b9}</UniqueIdentifier>
    </Filter>
    <Filter Include="Source Files\Menus">
      <UniqueIdentifier>{4c3bb858-32c5-41ad-8364-af1f7ecb7dc4}</UniqueIdentifier>
    </Filter>
    <Filter Include="Header Files\Menus">
      <UniqueIdentifier>{a351bfa9-7649-4b74-88d2-820dfad8a620}</UniqueIdentifier>
    </Filter>
  </ItemGroup>
  <ItemGroup>
    <ClCompile Include="Main.cpp">
      <Filter>Source Files</Filter>
    </ClCompile>
    <ClCompile Include="Render.cpp">
      <Filter>Source Files</Filter>
    </ClCompile>
    <ClCompile Include="Entity.cpp">
      <Filter>Source Files</Filter>
    </ClCompile>
    <ClCompile Include="Component.cpp">
      <Filter>Source Files\Components</Filter>
    </ClCompile>
    <ClCompile Include="Command.cpp">
      <Filter>Source Files\Commands</Filter>
    </ClCompile>
    <ClCompile Include="Listener.cpp">
      <Filter>Source Files\Listeners</Filter>
    </ClCompile>
    <ClCompile Include="MovementCommand.cpp">
      <Filter>Source Files\Commands</Filter>
    </ClCompile>
    <ClCompile Include="MovementListener.cpp">
      <Filter>Source Files\Listeners</Filter>
    </ClCompile>
    <ClCompile Include="PhysicsComponent.cpp">
      <Filter>Source Files\Components</Filter>
    </ClCompile>
    <ClCompile Include="RenderComponent.cpp">
      <Filter>Source Files\Components</Filter>
    </ClCompile>
    <ClCompile Include="RenderingListener.cpp">
      <Filter>Source Files\Listeners</Filter>
    </ClCompile>
    <ClCompile Include="LevelGenerator.cpp">
      <Filter>Source Files\Level Generation</Filter>
    </ClCompile>
    <ClCompile Include="Level.cpp">
      <Filter>Source Files\Level Generation</Filter>
    </ClCompile>
    <ClCompile Include="FOVComponent.cpp">
      <Filter>Source Files\Components</Filter>
    </ClCompile>
    <ClCompile Include="LGNystromRoomsAndMazes.cpp">
      <Filter>Source Files\Level Generation</Filter>
    </ClCompile>
    <ClCompile Include="FOVListener.cpp">
      <Filter>Source Files\Listeners</Filter>
    </ClCompile>
    <ClCompile Include="LogComponent.cpp">
      <Filter>Source Files\Components</Filter>
    </ClCompile>
    <ClCompile Include="LogListener.cpp">
      <Filter>Source Files\Listeners</Filter>
    </ClCompile>
    <ClCompile Include="CombatListener.cpp">
      <Filter>Source Files\Listeners</Filter>
    </ClCompile>
    <ClCompile Include="ActorComponent.cpp">
      <Filter>Source Files\Components</Filter>
    </ClCompile>
    <ClCompile Include="DeathListener.cpp">
      <Filter>Source Files\Listeners</Filter>
    </ClCompile>
    <ClCompile Include="TurnListener.cpp">
      <Filter>Source Files\Listeners</Filter>
    </ClCompile>
    <ClCompile Include="Pathfinder.cpp">
      <Filter>Source Files\Misc</Filter>
    </ClCompile>
    <ClCompile Include="Autoexplore.cpp">
      <Filter>Source Files\Misc</Filter>
    </ClCompile>
    <ClCompile Include="EntityManager.cpp">
      <Filter>Source Files\Misc</Filter>
    </ClCompile>
    <ClCompile Include="FloatingText.cpp">
      <Filter>Source Files\Misc</Filter>
    </ClCompile>
    <ClCompile Include="InventoryComponent.cpp">
      <Filter>Source Files\Components</Filter>
    </ClCompile>
    <ClCompile Include="GrabItemCommand.cpp">
      <Filter>Source Files\Commands</Filter>
    </ClCompile>
    <ClCompile Include="ItemInteractionListener.cpp">
      <Filter>Source Files\Listeners</Filter>
    </ClCompile>
    <ClCompile Include="Menu.cpp">
      <Filter>Source Files\Menus</Filter>
    </ClCompile>
    <ClCompile Include="OpenMenuCommand.cpp">
      <Filter>Source Files\Commands</Filter>
    </ClCompile>
    <ClCompile Include="ExitMenuCommand.cpp">
      <Filter>Source Files\Commands</Filter>
    </ClCompile>
    <ClCompile Include="OptionMenu.cpp">
      <Filter>Source Files\Menus</Filter>
    </ClCompile>
    <ClCompile Include="MenuBuilders.cpp">
      <Filter>Source Files\Menus</Filter>
    </ClCompile>
    <ClCompile Include="HealComponent.cpp">
      <Filter>Source Files\Components</Filter>
    </ClCompile>
    <ClCompile Include="ConsumeCommand.cpp">
      <Filter>Source Files\Commands</Filter>
    </ClCompile>
    <ClCompile Include="ConsumableComponent.cpp">
      <Filter>Source Files\Components</Filter>
    </ClCompile>
    <ClCompile Include="DropItemCommand.cpp">
      <Filter>Source Files\Commands</Filter>
    </ClCompile>
    <ClCompile Include="LookCommand.cpp">
      <Filter>Source Files\Commands</Filter>
    </ClCompile>
    <ClCompile Include="StatusEffectsComponent.cpp">
      <Filter>Source Files\Components</Filter>
    </ClCompile>
    <ClCompile Include="StatusEffectsListener.cpp">
      <Filter>Source Files\Listeners</Filter>
    </ClCompile>
    <ClCompile Include="EquippableComponent.cpp">
      <Filter>Source Files\Components</Filter>
    </ClCompile>
  </ItemGroup>
  <ItemGroup>
    <ClInclude Include="Globals.h">
      <Filter>Header Files</Filter>
    </ClInclude>
    <ClInclude Include="Entity.h">
      <Filter>Header Files</Filter>
    </ClInclude>
    <ClInclude Include="Event.h">
      <Filter>Header Files</Filter>
    </ClInclude>
    <ClInclude Include="Listener.h">
      <Filter>Header Files\Listeners</Filter>
    </ClInclude>
    <ClInclude Include="Command.h">
      <Filter>Header Files\Commands</Filter>
    </ClInclude>
    <ClInclude Include="Component.h">
      <Filter>Header Files\Components</Filter>
    </ClInclude>
    <ClInclude Include="MovementCommand.h">
      <Filter>Header Files\Commands</Filter>
    </ClInclude>
    <ClInclude Include="MovementListener.h">
      <Filter>Header Files\Listeners</Filter>
    </ClInclude>
    <ClInclude Include="PhysicsComponent.h">
      <Filter>Header Files\Components</Filter>
    </ClInclude>
    <ClInclude Include="RenderComponent.h">
      <Filter>Header Files\Components</Filter>
    </ClInclude>
    <ClInclude Include="RenderingListener.h">
      <Filter>Header Files\Listeners</Filter>
    </ClInclude>
    <ClInclude Include="LevelConfig.h">
      <Filter>Header Files\Level Generation</Filter>
    </ClInclude>
    <ClInclude Include="LevelGenerator.h">
      <Filter>Header Files\Level Generation</Filter>
    </ClInclude>
    <ClInclude Include="Level.h">
      <Filter>Header Files\Level Generation</Filter>
    </ClInclude>
    <ClInclude Include="FOVComponent.h">
      <Filter>Header Files\Components</Filter>
    </ClInclude>
    <ClInclude Include="Color.h">
      <Filter>Header Files\Misc</Filter>
    </ClInclude>
    <ClInclude Include="Glyphs.h">
      <Filter>Header Files\Misc</Filter>
    </ClInclude>
    <ClInclude Include="Types.h">
      <Filter>Header Files\Misc</Filter>
    </ClInclude>
    <ClInclude Include="FOVData.h">
      <Filter>Header Files\Misc</Filter>
    </ClInclude>
    <ClInclude Include="FOVListener.h">
      <Filter>Header Files\Listeners</Filter>
    </ClInclude>
    <ClInclude Include="LGNystromRoomsAndMazes.h">
      <Filter>Header Files\Level Generation</Filter>
    </ClInclude>
    <ClInclude Include="LogComponent.h">
      <Filter>Header Files\Components</Filter>
    </ClInclude>
    <ClInclude Include="LogListener.h">
      <Filter>Header Files\Listeners</Filter>
    </ClInclude>
    <ClInclude Include="Pathfinder.h">
      <Filter>Header Files\Misc</Filter>
    </ClInclude>
    <ClInclude Include="WeightedBag.h">
      <Filter>Header Files\Misc</Filter>
    </ClInclude>
    <ClInclude Include="CombatListener.h">
      <Filter>Header Files\Listeners</Filter>
    </ClInclude>
    <ClInclude Include="ActorComponent.h">
      <Filter>Header Files\Components</Filter>
    </ClInclude>
    <ClInclude Include="DeathListener.h">
      <Filter>Header Files\Listeners</Filter>
    </ClInclude>
    <ClInclude Include="FloatingText.h">
      <Filter>Header Files\Misc</Filter>
    </ClInclude>
    <ClInclude Include="TurnListener.h">
      <Filter>Header Files\Listeners</Filter>
    </ClInclude>
    <ClInclude Include="Autoexplore.h">
      <Filter>Header Files\Misc</Filter>
    </ClInclude>
    <ClInclude Include="EntityManager.h">
      <Filter>Header Files\Misc</Filter>
    </ClInclude>
    <ClInclude Include="InventoryComponent.h">
      <Filter>Header Files\Components</Filter>
    </ClInclude>
    <ClInclude Include="ItemInteractionListener.h">
      <Filter>Header Files\Listeners</Filter>
    </ClInclude>
    <ClInclude Include="GrabItemCommand.h">
      <Filter>Header Files\Commands</Filter>
    </ClInclude>
    <ClInclude Include="Menu.h">
      <Filter>Header Files\Menus</Filter>
    </ClInclude>
    <ClInclude Include="ExitMenuCommand.h">
      <Filter>Header Files\Commands</Filter>
    </ClInclude>
    <ClInclude Include="OpenMenuCommand.h">
      <Filter>Header Files\Commands</Filter>
    </ClInclude>
    <ClInclude Include="MenuBuilders.h">
      <Filter>Header Files\Menus</Filter>
    </ClInclude>
    <ClInclude Include="OptionMenu.h">
      <Filter>Header Files\Menus</Filter>
    </ClInclude>
    <ClInclude Include="HealComponent.h">
      <Filter>Header Files\Components</Filter>
    </ClInclude>
    <ClInclude Include="ComponentsList.h">
      <Filter>Header Files\Components</Filter>
    </ClInclude>
    <ClInclude Include="ConsumeCommand.h">
      <Filter>Header Files\Commands</Filter>
    </ClInclude>
    <ClInclude Include="ConsumableComponent.h">
      <Filter>Header Files\Components</Filter>
    </ClInclude>
    <ClInclude Include="DropItemCommand.h">
      <Filter>Header Files\Commands</Filter>
    </ClInclude>
    <ClInclude Include="LookCommand.h">
      <Filter>Header Files\Commands</Filter>
    </ClInclude>
    <ClInclude Include="StatusEffectsComponent.h">
      <Filter>Header Files\Components</Filter>
    </ClInclude>
    <ClInclude Include="StatusEffectsListener.h">
      <Filter>Header Files\Listeners</Filter>
    </ClInclude>
    <ClInclude Include="EquippableComponent.h">
      <Filter>Header Files\Components</Filter>
    </ClInclude>
  </ItemGroup>
</Project>