<?xml version="1.0" encoding="utf-8"?>
<Project ToolsVersion="4.0" xmlns="http://schemas.microsoft.com/developer/msbuild/2003">
  <ItemGroup>
    <Filter Include="Source Files">
      <UniqueIdentifier>{4FC737F1-C7A5-4376-A066-2A32D752A2FF}</UniqueIdentifier>
      <Extensions>cpp;c;cc;cxx;c++;cppm;ixx;def;odl;idl;hpj;bat;asm;asmx</Extensions>
    </Filter>
    <Filter Include="Header Files">
      <UniqueIdentifier>{93995380-89BD-4b04-88EB-625FBE52EBFB}</UniqueIdentifier>
      <Extensions>h;hh;hpp;hxx;h++;hm;inl;inc;ipp;xsd</Extensions>
    </Filter>
    <Filter Include="Resource Files">
      <UniqueIdentifier>{67DA6AB6-F800-4c08-8B7A-83BB121AAD01}</UniqueIdentifier>
      <Extensions>rc;ico;cur;bmp;dlg;rc2;rct;bin;rgs;gif;jpg;jpeg;jpe;resx;tiff;tif;png;wav;mfcribbon-ms</Extensions>
    </Filter>
    <Filter Include="Header Files\Components">
      <UniqueIdentifier>{e09054d3-84a8-4e7b-aae1-7f4954e1e6ff}</UniqueIdentifier>
    </Filter>
    <Filter Include="Source Files\Components">
      <UniqueIdentifier>{3c03fee3-0d1d-46bd-9d4a-688467b920d9}</UniqueIdentifier>
    </Filter>
    <Filter Include="Source Files\Commands">
      <UniqueIdentifier>{6ad28fed-044e-438b-b2c1-5a93ca954b71}</UniqueIdentifier>
    </Filter>
    <Filter Include="Header Files\Commands">
      <UniqueIdentifier>{576b3bc6-ee99-4665-851f-dc853cd9e04f}</UniqueIdentifier>
    </Filter>
    <Filter Include="Header Files\Listeners">
      <UniqueIdentifier>{44a2af11-2fbe-4fe7-a588-af0401cc795a}</UniqueIdentifier>
    </Filter>
    <Filter Include="Source Files\Listeners">
      <UniqueIdentifier>{13aef7f1-883a-45a7-875e-8e894d27d6ed}</UniqueIdentifier>
    </Filter>
    <Filter Include="Header Files\Level Generation">
      <UniqueIdentifier>{96f57297-1c71-4e38-957f-51e30023be44}</UniqueIdentifier>
    </Filter>
    <Filter Include="Source Files\Level Generation">
      <UniqueIdentifier>{e0ba0779-61a9-49ba-a04a-43cc6d7ec069}</UniqueIdentifier>
    </Filter>
  </ItemGroup>
  <ItemGroup>
    <ClCompile Include="Main.cpp">
      <Filter>Source Files</Filter>
    </ClCompile>
    <ClCompile Include="Render.cpp">
      <Filter>Source Files</Filter>
    </ClCompile>
    <ClCompile Include="Entity.cpp">
      <Filter>Source Files</Filter>
    </ClCompile>
    <ClCompile Include="Component.cpp">
      <Filter>Source Files\Components</Filter>
    </ClCompile>
    <ClCompile Include="Command.cpp">
      <Filter>Source Files\Commands</Filter>
    </ClCompile>
    <ClCompile Include="Listener.cpp">
      <Filter>Source Files\Listeners</Filter>
    </ClCompile>
    <ClCompile Include="MovementCommand.cpp">
      <Filter>Source Files\Commands</Filter>
    </ClCompile>
    <ClCompile Include="MovementListener.cpp">
      <Filter>Source Files\Listeners</Filter>
    </ClCompile>
    <ClCompile Include="PhysicsComponent.cpp">
      <Filter>Source Files\Components</Filter>
    </ClCompile>
    <ClCompile Include="RenderComponent.cpp">
      <Filter>Source Files\Components</Filter>
    </ClCompile>
    <ClCompile Include="RenderingListener.cpp">
      <Filter>Source Files\Listeners</Filter>
    </ClCompile>
    <ClCompile Include="LevelGenerator.cpp">
      <Filter>Source Files\Level Generation</Filter>
    </ClCompile>
    <ClCompile Include="Level.cpp">
      <Filter>Source Files\Level Generation</Filter>
    </ClCompile>
    <ClCompile Include="FOVComponent.cpp">
      <Filter>Source Files\Components</Filter>
    </ClCompile>
  </ItemGroup>
  <ItemGroup>
    <ClInclude Include="Globals.h">
      <Filter>Header Files</Filter>
    </ClInclude>
    <ClInclude Include="Entity.h">
      <Filter>Header Files</Filter>
    </ClInclude>
    <ClInclude Include="Event.h">
      <Filter>Header Files</Filter>
    </ClInclude>
    <ClInclude Include="Listener.h">
      <Filter>Header Files\Listeners</Filter>
    </ClInclude>
    <ClInclude Include="Command.h">
      <Filter>Header Files\Commands</Filter>
    </ClInclude>
    <ClInclude Include="Component.h">
      <Filter>Header Files\Components</Filter>
    </ClInclude>
    <ClInclude Include="MovementCommand.h">
      <Filter>Header Files\Commands</Filter>
    </ClInclude>
    <ClInclude Include="MovementListener.h">
      <Filter>Header Files\Listeners</Filter>
    </ClInclude>
    <ClInclude Include="PhysicsComponent.h">
      <Filter>Header Files\Components</Filter>
    </ClInclude>
    <ClInclude Include="RenderComponent.h">
      <Filter>Header Files\Components</Filter>
    </ClInclude>
    <ClInclude Include="Color.h">
      <Filter>Header Files</Filter>
    </ClInclude>
    <ClInclude Include="Types.h">
      <Filter>Header Files</Filter>
    </ClInclude>
    <ClInclude Include="Glyphs.h">
      <Filter>Header Files</Filter>
    </ClInclude>
    <ClInclude Include="RenderingListener.h">
      <Filter>Header Files\Listeners</Filter>
    </ClInclude>
    <ClInclude Include="LevelConfig.h">
      <Filter>Header Files\Level Generation</Filter>
    </ClInclude>
    <ClInclude Include="LevelGenerator.h">
      <Filter>Header Files\Level Generation</Filter>
    </ClInclude>
    <ClInclude Include="Level.h">
      <Filter>Header Files\Level Generation</Filter>
    </ClInclude>
    <ClInclude Include="FOVComponent.h">
      <Filter>Header Files\Components</Filter>
    </ClInclude>
  </ItemGroup>
</Project>